# This file was autogenerated by uv via the following command:
#    uv pip compile requiments.in -o requiments.lock
markdown-it-py==4.0.0
    # via
    #   -r requiments.in
    #   rich
mdurl==0.1.2
    # via
    #   -r requiments.in
    #   markdown-it-py
pygments==2.19.2
    # via
    #   -r requiments.in
    #   rich
rich==14.2.0
    # via -r requiments.in
